{
  "name": "arm-js",
  "version": "1.0.2",
  "lockfileVersion": 1,
  "requires": true,
  "dependencies": {
    "commander": {
      "version": "2.20.3",
      "resolved": "http://qui.qiyi.domain/npm//commander/-/commander-2.20.3.tgz",
      "integrity": "sha1-/UhehMA+tIgcIHIrpIA16FMa6zM="
    },
    "source-map": {
      "version": "0.6.1",
      "resolved": "http://qui.qiyi.domain/npm//source-map/-/source-map-0.6.1.tgz",
      "integrity": "sha1-dHIq8y6WFOnCh6jQu95IteLxomM="
    },
    "uglify-js": {
      "version": "3.8.1",
      "resolved": "http://qui.qiyi.domain/npm//uglify-js/-/uglify-js-3.8.1.tgz",
      "integrity": "sha1-Q7sVzm9UXqoKZMSf0pN16gn6D5M=",
      "requires": {
        "commander": "~2.20.3",
        "source-map": "~0.6.1"
      }
    }
  }
}
